
Microsoft Visual Studio Solution File, Format Version 12.00
# Visual Studio 15
VisualStudioVersion = 15.0.26124.0
MinimumVisualStudioVersion = 15.0.26124.0
Project("{FAE04EC0-301F-11D3-BF4B-00C04F79EFBC}") = "Accounting", "Accounting\Accounting.csproj", "{4BDC184B-42B2-4AF1-B27B-34258CBE9920}"
EndProject
Project("{FAE04EC0-301F-11D3-BF4B-00C04F79EFBC}") = "Acl", "Acl\Acl.csproj", "{715C0887-B104-4286-91CE-E993C2093BFC}"
EndProject
Project("{FAE04EC0-301F-11D3-BF4B-00C04F79EFBC}") = "Container", "Container\Container.csproj", "{60B508EA-F28E-41E5-9423-AD3BD19A787B}"
EndProject
Project("{FAE04EC0-301F-11D3-BF4B-00C04F79EFBC}") = "Netmap", "Netmap\Netmap.csproj", "{E31BDD81-817E-4AD2-8E72-590E9A0C4FED}"
EndProject
Project("{FAE04EC0-301F-11D3-BF4B-00C04F79EFBC}") = "Object", "Object\Object.csproj", "{DB78D7E8-5446-4E6E-9DC8-2C9FE9337A2B}"
EndProject
Project("{FAE04EC0-301F-11D3-BF4B-00C04F79EFBC}") = "Refs", "Refs\Refs.csproj", "{9E97927D-2568-4A3A-A362-1DDBAC047D98}"
EndProject
Project("{FAE04EC0-301F-11D3-BF4B-00C04F79EFBC}") = "Session", "Session\Session.csproj", "{D3EC220B-E7AF-42EC-8F00-E613797FE581}"
EndProject
Project("{FAE04EC0-301F-11D3-BF4B-00C04F79EFBC}") = "StorageGroup", "StorageGroup\StorageGroup.csproj", "{16647FF4-D899-44D0-A791-9A5BE777BA81}"
EndProject
Global
	GlobalSection(SolutionConfigurationPlatforms) = preSolution
		Debug|Any CPU = Debug|Any CPU
		Debug|x64 = Debug|x64
		Debug|x86 = Debug|x86
		Release|Any CPU = Release|Any CPU
		Release|x64 = Release|x64
		Release|x86 = Release|x86
	EndGlobalSection
	GlobalSection(SolutionProperties) = preSolution
		HideSolutionNode = FALSE
	EndGlobalSection
	GlobalSection(ProjectConfigurationPlatforms) = postSolution
		{4BDC184B-42B2-4AF1-B27B-34258CBE9920}.Debug|Any CPU.ActiveCfg = Debug|Any CPU
		{4BDC184B-42B2-4AF1-B27B-34258CBE9920}.Debug|Any CPU.Build.0 = Debug|Any CPU
		{4BDC184B-42B2-4AF1-B27B-34258CBE9920}.Debug|x64.ActiveCfg = Debug|Any CPU
		{4BDC184B-42B2-4AF1-B27B-34258CBE9920}.Debug|x64.Build.0 = Debug|Any CPU
		{4BDC184B-42B2-4AF1-B27B-34258CBE9920}.Debug|x86.ActiveCfg = Debug|Any CPU
		{4BDC184B-42B2-4AF1-B27B-34258CBE9920}.Debug|x86.Build.0 = Debug|Any CPU
		{4BDC184B-42B2-4AF1-B27B-34258CBE9920}.Release|Any CPU.ActiveCfg = Release|Any CPU
		{4BDC184B-42B2-4AF1-B27B-34258CBE9920}.Release|Any CPU.Build.0 = Release|Any CPU
		{4BDC184B-42B2-4AF1-B27B-34258CBE9920}.Release|x64.ActiveCfg = Release|Any CPU
		{4BDC184B-42B2-4AF1-B27B-34258CBE9920}.Release|x64.Build.0 = Release|Any CPU
		{4BDC184B-42B2-4AF1-B27B-34258CBE9920}.Release|x86.ActiveCfg = Release|Any CPU
		{4BDC184B-42B2-4AF1-B27B-34258CBE9920}.Release|x86.Build.0 = Release|Any CPU
		{715C0887-B104-4286-91CE-E993C2093BFC}.Debug|Any CPU.ActiveCfg = Debug|Any CPU
		{715C0887-B104-4286-91CE-E993C2093BFC}.Debug|Any CPU.Build.0 = Debug|Any CPU
		{715C0887-B104-4286-91CE-E993C2093BFC}.Debug|x64.ActiveCfg = Debug|Any CPU
		{715C0887-B104-4286-91CE-E993C2093BFC}.Debug|x64.Build.0 = Debug|Any CPU
		{715C0887-B104-4286-91CE-E993C2093BFC}.Debug|x86.ActiveCfg = Debug|Any CPU
		{715C0887-B104-4286-91CE-E993C2093BFC}.Debug|x86.Build.0 = Debug|Any CPU
		{715C0887-B104-4286-91CE-E993C2093BFC}.Release|Any CPU.ActiveCfg = Release|Any CPU
		{715C0887-B104-4286-91CE-E993C2093BFC}.Release|Any CPU.Build.0 = Release|Any CPU
		{715C0887-B104-4286-91CE-E993C2093BFC}.Release|x64.ActiveCfg = Release|Any CPU
		{715C0887-B104-4286-91CE-E993C2093BFC}.Release|x64.Build.0 = Release|Any CPU
		{715C0887-B104-4286-91CE-E993C2093BFC}.Release|x86.ActiveCfg = Release|Any CPU
		{715C0887-B104-4286-91CE-E993C2093BFC}.Release|x86.Build.0 = Release|Any CPU
		{60B508EA-F28E-41E5-9423-AD3BD19A787B}.Debug|Any CPU.ActiveCfg = Debug|Any CPU
		{60B508EA-F28E-41E5-9423-AD3BD19A787B}.Debug|Any CPU.Build.0 = Debug|Any CPU
		{60B508EA-F28E-41E5-9423-AD3BD19A787B}.Debug|x64.ActiveCfg = Debug|Any CPU
		{60B508EA-F28E-41E5-9423-AD3BD19A787B}.Debug|x64.Build.0 = Debug|Any CPU
		{60B508EA-F28E-41E5-9423-AD3BD19A787B}.Debug|x86.ActiveCfg = Debug|Any CPU
		{60B508EA-F28E-41E5-9423-AD3BD19A787B}.Debug|x86.Build.0 = Debug|Any CPU
		{60B508EA-F28E-41E5-9423-AD3BD19A787B}.Release|Any CPU.ActiveCfg = Release|Any CPU
		{60B508EA-F28E-41E5-9423-AD3BD19A787B}.Release|Any CPU.Build.0 = Release|Any CPU
		{60B508EA-F28E-41E5-9423-AD3BD19A787B}.Release|x64.ActiveCfg = Release|Any CPU
		{60B508EA-F28E-41E5-9423-AD3BD19A787B}.Release|x64.Build.0 = Release|Any CPU
		{60B508EA-F28E-41E5-9423-AD3BD19A787B}.Release|x86.ActiveCfg = Release|Any CPU
		{60B508EA-F28E-41E5-9423-AD3BD19A787B}.Release|x86.Build.0 = Release|Any CPU
		{E31BDD81-817E-4AD2-8E72-590E9A0C4FED}.Debug|Any CPU.ActiveCfg = Debug|Any CPU
		{E31BDD81-817E-4AD2-8E72-590E9A0C4FED}.Debug|Any CPU.Build.0 = Debug|Any CPU
		{E31BDD81-817E-4AD2-8E72-590E9A0C4FED}.Debug|x64.ActiveCfg = Debug|Any CPU
		{E31BDD81-817E-4AD2-8E72-590E9A0C4FED}.Debug|x64.Build.0 = Debug|Any CPU
		{E31BDD81-817E-4AD2-8E72-590E9A0C4FED}.Debug|x86.ActiveCfg = Debug|Any CPU
		{E31BDD81-817E-4AD2-8E72-590E9A0C4FED}.Debug|x86.Build.0 = Debug|Any CPU
		{E31BDD81-817E-4AD2-8E72-590E9A0C4FED}.Release|Any CPU.ActiveCfg = Release|Any CPU
		{E31BDD81-817E-4AD2-8E72-590E9A0C4FED}.Release|Any CPU.Build.0 = Release|Any CPU
		{E31BDD81-817E-4AD2-8E72-590E9A0C4FED}.Release|x64.ActiveCfg = Release|Any CPU
		{E31BDD81-817E-4AD2-8E72-590E9A0C4FED}.Release|x64.Build.0 = Release|Any CPU
		{E31BDD81-817E-4AD2-8E72-590E9A0C4FED}.Release|x86.ActiveCfg = Release|Any CPU
		{E31BDD81-817E-4AD2-8E72-590E9A0C4FED}.Release|x86.Build.0 = Release|Any CPU
		{DB78D7E8-5446-4E6E-9DC8-2C9FE9337A2B}.Debug|Any CPU.ActiveCfg = Debug|Any CPU
		{DB78D7E8-5446-4E6E-9DC8-2C9FE9337A2B}.Debug|Any CPU.Build.0 = Debug|Any CPU
		{DB78D7E8-5446-4E6E-9DC8-2C9FE9337A2B}.Debug|x64.ActiveCfg = Debug|Any CPU
		{DB78D7E8-5446-4E6E-9DC8-2C9FE9337A2B}.Debug|x64.Build.0 = Debug|Any CPU
		{DB78D7E8-5446-4E6E-9DC8-2C9FE9337A2B}.Debug|x86.ActiveCfg = Debug|Any CPU
		{DB78D7E8-5446-4E6E-9DC8-2C9FE9337A2B}.Debug|x86.Build.0 = Debug|Any CPU
		{DB78D7E8-5446-4E6E-9DC8-2C9FE9337A2B}.Release|Any CPU.ActiveCfg = Release|Any CPU
		{DB78D7E8-5446-4E6E-9DC8-2C9FE9337A2B}.Release|Any CPU.Build.0 = Release|Any CPU
		{DB78D7E8-5446-4E6E-9DC8-2C9FE9337A2B}.Release|x64.ActiveCfg = Release|Any CPU
		{DB78D7E8-5446-4E6E-9DC8-2C9FE9337A2B}.Release|x64.Build.0 = Release|Any CPU
		{DB78D7E8-5446-4E6E-9DC8-2C9FE9337A2B}.Release|x86.ActiveCfg = Release|Any CPU
		{DB78D7E8-5446-4E6E-9DC8-2C9FE9337A2B}.Release|x86.Build.0 = Release|Any CPU
		{9E97927D-2568-4A3A-A362-1DDBAC047D98}.Debug|Any CPU.ActiveCfg = Debug|Any CPU
		{9E97927D-2568-4A3A-A362-1DDBAC047D98}.Debug|Any CPU.Build.0 = Debug|Any CPU
		{9E97927D-2568-4A3A-A362-1DDBAC047D98}.Debug|x64.ActiveCfg = Debug|Any CPU
		{9E97927D-2568-4A3A-A362-1DDBAC047D98}.Debug|x64.Build.0 = Debug|Any CPU
		{9E97927D-2568-4A3A-A362-1DDBAC047D98}.Debug|x86.ActiveCfg = Debug|Any CPU
		{9E97927D-2568-4A3A-A362-1DDBAC047D98}.Debug|x86.Build.0 = Debug|Any CPU
		{9E97927D-2568-4A3A-A362-1DDBAC047D98}.Release|Any CPU.ActiveCfg = Release|Any CPU
		{9E97927D-2568-4A3A-A362-1DDBAC047D98}.Release|Any CPU.Build.0 = Release|Any CPU
		{9E97927D-2568-4A3A-A362-1DDBAC047D98}.Release|x64.ActiveCfg = Release|Any CPU
		{9E97927D-2568-4A3A-A362-1DDBAC047D98}.Release|x64.Build.0 = Release|Any CPU
		{9E97927D-2568-4A3A-A362-1DDBAC047D98}.Release|x86.ActiveCfg = Release|Any CPU
		{9E97927D-2568-4A3A-A362-1DDBAC047D98}.Release|x86.Build.0 = Release|Any CPU
		{D3EC220B-E7AF-42EC-8F00-E613797FE581}.Debug|Any CPU.ActiveCfg = Debug|Any CPU
		{D3EC220B-E7AF-42EC-8F00-E613797FE581}.Debug|Any CPU.Build.0 = Debug|Any CPU
		{D3EC220B-E7AF-42EC-8F00-E613797FE581}.Debug|x64.ActiveCfg = Debug|Any CPU
		{D3EC220B-E7AF-42EC-8F00-E613797FE581}.Debug|x64.Build.0 = Debug|Any CPU
		{D3EC220B-E7AF-42EC-8F00-E613797FE581}.Debug|x86.ActiveCfg = Debug|Any CPU
		{D3EC220B-E7AF-42EC-8F00-E613797FE581}.Debug|x86.Build.0 = Debug|Any CPU
		{D3EC220B-E7AF-42EC-8F00-E613797FE581}.Release|Any CPU.ActiveCfg = Release|Any CPU
		{D3EC220B-E7AF-42EC-8F00-E613797FE581}.Release|Any CPU.Build.0 = Release|Any CPU
		{D3EC220B-E7AF-42EC-8F00-E613797FE581}.Release|x64.ActiveCfg = Release|Any CPU
		{D3EC220B-E7AF-42EC-8F00-E613797FE581}.Release|x64.Build.0 = Release|Any CPU
		{D3EC220B-E7AF-42EC-8F00-E613797FE581}.Release|x86.ActiveCfg = Release|Any CPU
		{D3EC220B-E7AF-42EC-8F00-E613797FE581}.Release|x86.Build.0 = Release|Any CPU
		{16647FF4-D899-44D0-A791-9A5BE777BA81}.Debug|Any CPU.ActiveCfg = Debug|Any CPU
		{16647FF4-D899-44D0-A791-9A5BE777BA81}.Debug|Any CPU.Build.0 = Debug|Any CPU
		{16647FF4-D899-44D0-A791-9A5BE777BA81}.Debug|x64.ActiveCfg = Debug|Any CPU
		{16647FF4-D899-44D0-A791-9A5BE777BA81}.Debug|x64.Build.0 = Debug|Any CPU
		{16647FF4-D899-44D0-A791-9A5BE777BA81}.Debug|x86.ActiveCfg = Debug|Any CPU
		{16647FF4-D899-44D0-A791-9A5BE777BA81}.Debug|x86.Build.0 = Debug|Any CPU
		{16647FF4-D899-44D0-A791-9A5BE777BA81}.Release|Any CPU.ActiveCfg = Release|Any CPU
		{16647FF4-D899-44D0-A791-9A5BE777BA81}.Release|Any CPU.Build.0 = Release|Any CPU
		{16647FF4-D899-44D0-A791-9A5BE777BA81}.Release|x64.ActiveCfg = Release|Any CPU
		{16647FF4-D899-44D0-A791-9A5BE777BA81}.Release|x64.Build.0 = Release|Any CPU
		{16647FF4-D899-44D0-A791-9A5BE777BA81}.Release|x86.ActiveCfg = Release|Any CPU
		{16647FF4-D899-44D0-A791-9A5BE777BA81}.Release|x86.Build.0 = Release|Any CPU
	EndGlobalSection
EndGlobal
